
Microsoft Visual Studio Solution File, Format Version 12.00
# Visual Studio Version 16
VisualStudioVersion = 16.0.31727.386
MinimumVisualStudioVersion = 10.0.40219.1
Project("{FAE04EC0-301F-11D3-BF4B-00C04F79EFBC}") = "Homework 6", "Homework 6\Homework 6.csproj", "{478A4898-C581-4C58-9801-FA3175DF0FF6}"
EndProject
Global
	GlobalSection(SolutionConfigurationPlatforms) = preSolution
		Debug|Any CPU = Debug|Any CPU
		Release|Any CPU = Release|Any CPU
	EndGlobalSection
	GlobalSection(ProjectConfigurationPlatforms) = postSolution
		{478A4898-C581-4C58-9801-FA3175DF0FF6}.Debug|Any CPU.ActiveCfg = Debug|Any CPU
		{478A4898-C581-4C58-9801-FA3175DF0FF6}.Debug|Any CPU.Build.0 = Debug|Any CPU
		{478A4898-C581-4C58-9801-FA3175DF0FF6}.Release|Any CPU.ActiveCfg = Release|Any CPU
		{478A4898-C581-4C58-9801-FA3175DF0FF6}.Release|Any CPU.Build.0 = Release|Any CPU
	EndGlobalSection
	GlobalSection(SolutionProperties) = preSolution
		HideSolutionNode = FALSE
	EndGlobalSection
	GlobalSection(ExtensibilityGlobals) = postSolution
		SolutionGuid = {91F5B876-8C8F-46F2-9C25-AED675753F13}
	EndGlobalSection
EndGlobal
